
Microsoft Visual Studio Solution File, Format Version 12.00
# Visual Studio Version 16
VisualStudioVersion = 16.0.30907.101
MinimumVisualStudioVersion = 10.0.40219.1
Project("{8BC9CEB8-8B4A-11D0-8D11-00A0C91BC942}") = "FuncOnlyDll", "FuncOnlyDll.vcxproj", "{936B2031-EF57-4F4D-8B25-4266A8DF39B4}"
EndProject
Global
	GlobalSection(SolutionConfigurationPlatforms) = preSolution
		Debug|x64 = Debug|x64
		Debug|x86 = Debug|x86
		Release|x64 = Release|x64
		Release|x86 = Release|x86
	EndGlobalSection
	GlobalSection(ProjectConfigurationPlatforms) = postSolution
		{936B2031-EF57-4F4D-8B25-4266A8DF39B4}.Debug|x64.ActiveCfg = Debug|x64
		{936B2031-EF57-4F4D-8B25-4266A8DF39B4}.Debug|x64.Build.0 = Debug|x64
		{936B2031-EF57-4F4D-8B25-4266A8DF39B4}.Debug|x86.ActiveCfg = Debug|Win32
		{936B2031-EF57-4F4D-8B25-4266A8DF39B4}.Debug|x86.Build.0 = Debug|Win32
		{936B2031-EF57-4F4D-8B25-4266A8DF39B4}.Release|x64.ActiveCfg = Release|x64
		{936B2031-EF57-4F4D-8B25-4266A8DF39B4}.Release|x64.Build.0 = Release|x64
		{936B2031-EF57-4F4D-8B25-4266A8DF39B4}.Release|x86.ActiveCfg = Release|Win32
		{936B2031-EF57-4F4D-8B25-4266A8DF39B4}.Release|x86.Build.0 = Release|Win32
	EndGlobalSection
	GlobalSection(SolutionProperties) = preSolution
		HideSolutionNode = FALSE
	EndGlobalSection
	GlobalSection(ExtensibilityGlobals) = postSolution
		SolutionGuid = {26A54479-BC44-45AB-B3F2-F4E96D3899C2}
	EndGlobalSection
EndGlobal
